// !$*UTF8*$!
{
	archiveVersion = 1;
	classes = {
	};
	objectVersion = 48;
	objects = {

/* Begin PBXBuildFile section */
		221CE0A11EF2C10B009AA61F /* Matrix.swift in Sources */ = {isa = PBXBuildFile; fileRef = 221CE0A01EF2C10A009AA61F /* Matrix.swift */; };
		2282C9C81F03E46100BCCFB4 /* Aero.swift in Sources */ = {isa = PBXBuildFile; fileRef = 2282C9C71F03E46100BCCFB4 /* Aero.swift */; };
		22D57CF31EE86457006CC1DB /* AppDelegate.swift in Sources */ = {isa = PBXBuildFile; fileRef = 22D57CF21EE86457006CC1DB /* AppDelegate.swift */; };
		22D57CF51EE86457006CC1DB /* TraceViewController.swift in Sources */ = {isa = PBXBuildFile; fileRef = 22D57CF41EE86457006CC1DB /* TraceViewController.swift */; };
		22D57CF81EE86457006CC1DB /* Main.storyboard in Resources */ = {isa = PBXBuildFile; fileRef = 22D57CF61EE86457006CC1DB /* Main.storyboard */; };
		22D57CFA1EE86457006CC1DB /* Assets.xcassets in Resources */ = {isa = PBXBuildFile; fileRef = 22D57CF91EE86457006CC1DB /* Assets.xcassets */; };
		22D57CFD1EE86457006CC1DB /* LaunchScreen.storyboard in Resources */ = {isa = PBXBuildFile; fileRef = 22D57CFB1EE86457006CC1DB /* LaunchScreen.storyboard */; };
		22D57D091EE86508006CC1DB /* Quaternion.swift in Sources */ = {isa = PBXBuildFile; fileRef = 22D57D041EE86507006CC1DB /* Quaternion.swift */; };
		22D57D0A1EE86508006CC1DB /* Vector.swift in Sources */ = {isa = PBXBuildFile; fileRef = 22D57D051EE86507006CC1DB /* Vector.swift */; };
		22D57D0B1EE86508006CC1DB /* Point.swift in Sources */ = {isa = PBXBuildFile; fileRef = 22D57D061EE86507006CC1DB /* Point.swift */; };
		22D57D0C1EE86508006CC1DB /* TraceView.swift in Sources */ = {isa = PBXBuildFile; fileRef = 22D57D071EE86507006CC1DB /* TraceView.swift */; };
		22D57D0D1EE86508006CC1DB /* Physics.swift in Sources */ = {isa = PBXBuildFile; fileRef = 22D57D081EE86508006CC1DB /* Physics.swift */; };
		22DD784C1F0958FF00E73346 /* Tracer.swift in Sources */ = {isa = PBXBuildFile; fileRef = 22DD784B1F0958FF00E73346 /* Tracer.swift */; };
/* End PBXBuildFile section */

/* Begin PBXFileReference section */
		221CE0A01EF2C10A009AA61F /* Matrix.swift */ = {isa = PBXFileReference; fileEncoding = 4; lastKnownFileType = sourcecode.swift; name = Matrix.swift; path = ../../VisualKite/VisualKite/Matrix.swift; sourceTree = "<group>"; };
		2282C9C71F03E46100BCCFB4 /* Aero.swift */ = {isa = PBXFileReference; lastKnownFileType = sourcecode.swift; path = Aero.swift; sourceTree = "<group>"; };
		22D57CEF1EE86457006CC1DB /* Physicum.app */ = {isa = PBXFileReference; explicitFileType = wrapper.application; includeInIndex = 0; path = Physicum.app; sourceTree = BUILT_PRODUCTS_DIR; };
		22D57CF21EE86457006CC1DB /* AppDelegate.swift */ = {isa = PBXFileReference; lastKnownFileType = sourcecode.swift; path = AppDelegate.swift; sourceTree = "<group>"; };
		22D57CF41EE86457006CC1DB /* TraceViewController.swift */ = {isa = PBXFileReference; lastKnownFileType = sourcecode.swift; path = TraceViewController.swift; sourceTree = "<group>"; };
		22D57CF71EE86457006CC1DB /* Base */ = {isa = PBXFileReference; lastKnownFileType = file.storyboard; name = Base; path = Base.lproj/Main.storyboard; sourceTree = "<group>"; };
		22D57CF91EE86457006CC1DB /* Assets.xcassets */ = {isa = PBXFileReference; lastKnownFileType = folder.assetcatalog; path = Assets.xcassets; sourceTree = "<group>"; };
		22D57CFC1EE86457006CC1DB /* Base */ = {isa = PBXFileReference; lastKnownFileType = file.storyboard; name = Base; path = Base.lproj/LaunchScreen.storyboard; sourceTree = "<group>"; };
		22D57CFE1EE86457006CC1DB /* Info.plist */ = {isa = PBXFileReference; lastKnownFileType = text.plist.xml; path = Info.plist; sourceTree = "<group>"; };
		22D57D041EE86507006CC1DB /* Quaternion.swift */ = {isa = PBXFileReference; fileEncoding = 4; lastKnownFileType = sourcecode.swift; name = Quaternion.swift; path = ../../KiteVectors/KiteVectorPlayground.playground/Sources/Quaternion.swift; sourceTree = "<group>"; };
		22D57D051EE86507006CC1DB /* Vector.swift */ = {isa = PBXFileReference; fileEncoding = 4; lastKnownFileType = sourcecode.swift; name = Vector.swift; path = ../../KiteVectors/KiteVectorPlayground.playground/Sources/Vector.swift; sourceTree = "<group>"; };
		22D57D061EE86507006CC1DB /* Point.swift */ = {isa = PBXFileReference; fileEncoding = 4; lastKnownFileType = sourcecode.swift; name = Point.swift; path = ../../KiteVectors/KiteVectorPlayground.playground/Sources/Point.swift; sourceTree = "<group>"; };
		22D57D071EE86507006CC1DB /* TraceView.swift */ = {isa = PBXFileReference; fileEncoding = 4; lastKnownFileType = sourcecode.swift; name = TraceView.swift; path = ../../KiteVectors/KiteVectorPlayground.playground/Sources/TraceView.swift; sourceTree = "<group>"; };
		22D57D081EE86508006CC1DB /* Physics.swift */ = {isa = PBXFileReference; fileEncoding = 4; lastKnownFileType = sourcecode.swift; name = Physics.swift; path = ../../KiteVectors/KiteVectorPlayground.playground/Sources/Physics.swift; sourceTree = "<group>"; };
		22DD784B1F0958FF00E73346 /* Tracer.swift */ = {isa = PBXFileReference; fileEncoding = 4; lastKnownFileType = sourcecode.swift; path = Tracer.swift; sourceTree = "<group>"; };
/* End PBXFileReference section */

/* Begin PBXFrameworksBuildPhase section */
		22D57CEC1EE86457006CC1DB /* Frameworks */ = {
			isa = PBXFrameworksBuildPhase;
			buildActionMask = 2147483647;
			files = (
			);
			runOnlyForDeploymentPostprocessing = 0;
		};
/* End PBXFrameworksBuildPhase section */

/* Begin PBXGroup section */
		22D57CE61EE86457006CC1DB = {
			isa = PBXGroup;
			children = (
				22D57CF11EE86457006CC1DB /* Physicum */,
				22D57CF01EE86457006CC1DB /* Products */,
			);
			sourceTree = "<group>";
		};
		22D57CF01EE86457006CC1DB /* Products */ = {
			isa = PBXGroup;
			children = (
				22D57CEF1EE86457006CC1DB /* Physicum.app */,
			);
			name = Products;
			sourceTree = "<group>";
		};
		22D57CF11EE86457006CC1DB /* Physicum */ = {
			isa = PBXGroup;
			children = (
				2282C9C71F03E46100BCCFB4 /* Aero.swift */,
				22D57CF41EE86457006CC1DB /* TraceViewController.swift */,
				22D57D071EE86507006CC1DB /* TraceView.swift */,
				22DD784B1F0958FF00E73346 /* Tracer.swift */,
				22D57CF21EE86457006CC1DB /* AppDelegate.swift */,
				22D57CF61EE86457006CC1DB /* Main.storyboard */,
				22D57D081EE86508006CC1DB /* Physics.swift */,
				22D57D061EE86507006CC1DB /* Point.swift */,
				22D57D051EE86507006CC1DB /* Vector.swift */,
				22D57D041EE86507006CC1DB /* Quaternion.swift */,
				221CE0A01EF2C10A009AA61F /* Matrix.swift */,
				22D57CF91EE86457006CC1DB /* Assets.xcassets */,
				22D57CFB1EE86457006CC1DB /* LaunchScreen.storyboard */,
				22D57CFE1EE86457006CC1DB /* Info.plist */,
			);
			path = Physicum;
			sourceTree = "<group>";
		};
/* End PBXGroup section */

/* Begin PBXNativeTarget section */
		22D57CEE1EE86457006CC1DB /* Physicum */ = {
			isa = PBXNativeTarget;
			buildConfigurationList = 22D57D011EE86457006CC1DB /* Build configuration list for PBXNativeTarget "Physicum" */;
			buildPhases = (
				22D57CEB1EE86457006CC1DB /* Sources */,
				22D57CEC1EE86457006CC1DB /* Frameworks */,
				22D57CED1EE86457006CC1DB /* Resources */,
			);
			buildRules = (
			);
			dependencies = (
			);
			name = Physicum;
			productName = Physicum;
			productReference = 22D57CEF1EE86457006CC1DB /* Physicum.app */;
			productType = "com.apple.product-type.application";
		};
/* End PBXNativeTarget section */

/* Begin PBXProject section */
		22D57CE71EE86457006CC1DB /* Project object */ = {
			isa = PBXProject;
			attributes = {
				LastSwiftUpdateCheck = 0900;
				LastUpgradeCheck = 0900;
				ORGANIZATIONNAME = "Gustaf Kugelberg";
				TargetAttributes = {
					22D57CEE1EE86457006CC1DB = {
						CreatedOnToolsVersion = 9.0;
						ProvisioningStyle = Automatic;
					};
				};
			};
			buildConfigurationList = 22D57CEA1EE86457006CC1DB /* Build configuration list for PBXProject "Physicum" */;
			compatibilityVersion = "Xcode 8.0";
			developmentRegion = en;
			hasScannedForEncodings = 0;
			knownRegions = (
				en,
				Base,
			);
			mainGroup = 22D57CE61EE86457006CC1DB;
			productRefGroup = 22D57CF01EE86457006CC1DB /* Products */;
			projectDirPath = "";
			projectRoot = "";
			targets = (
				22D57CEE1EE86457006CC1DB /* Physicum */,
			);
		};
/* End PBXProject section */

/* Begin PBXResourcesBuildPhase section */
		22D57CED1EE86457006CC1DB /* Resources */ = {
			isa = PBXResourcesBuildPhase;
			buildActionMask = 2147483647;
			files = (
				22D57CFD1EE86457006CC1DB /* LaunchScreen.storyboard in Resources */,
				22D57CFA1EE86457006CC1DB /* Assets.xcassets in Resources */,
				22D57CF81EE86457006CC1DB /* Main.storyboard in Resources */,
			);
			runOnlyForDeploymentPostprocessing = 0;
		};
/* End PBXResourcesBuildPhase section */

/* Begin PBXSourcesBuildPhase section */
		22D57CEB1EE86457006CC1DB /* Sources */ = {
			isa = PBXSourcesBuildPhase;
			buildActionMask = 2147483647;
			files = (
				22D57D0C1EE86508006CC1DB /* TraceView.swift in Sources */,
				22D57D091EE86508006CC1DB /* Quaternion.swift in Sources */,
				22D57D0B1EE86508006CC1DB /* Point.swift in Sources */,
				22D57CF51EE86457006CC1DB /* TraceViewController.swift in Sources */,
				221CE0A11EF2C10B009AA61F /* Matrix.swift in Sources */,
				22D57D0A1EE86508006CC1DB /* Vector.swift in Sources */,
				2282C9C81F03E46100BCCFB4 /* Aero.swift in Sources */,
				22D57D0D1EE86508006CC1DB /* Physics.swift in Sources */,
				22DD784C1F0958FF00E73346 /* Tracer.swift in Sources */,
				22D57CF31EE86457006CC1DB /* AppDelegate.swift in Sources */,
			);
			runOnlyForDeploymentPostprocessing = 0;
		};
/* End PBXSourcesBuildPhase section */

/* Begin PBXVariantGroup section */
		22D57CF61EE86457006CC1DB /* Main.storyboard */ = {
			isa = PBXVariantGroup;
			children = (
				22D57CF71EE86457006CC1DB /* Base */,
			);
			name = Main.storyboard;
			sourceTree = "<group>";
		};
		22D57CFB1EE86457006CC1DB /* LaunchScreen.storyboard */ = {
			isa = PBXVariantGroup;
			children = (
				22D57CFC1EE86457006CC1DB /* Base */,
			);
			name = LaunchScreen.storyboard;
			sourceTree = "<group>";
		};
/* End PBXVariantGroup section */

/* Begin XCBuildConfiguration section */
		22D57CFF1EE86457006CC1DB /* Debug */ = {
			isa = XCBuildConfiguration;
			buildSettings = {
				ALWAYS_SEARCH_USER_PATHS = NO;
				CLANG_ANALYZER_NONNULL = YES;
				CLANG_ANALYZER_NUMBER_OBJECT_CONVERSION = YES_AGGRESSIVE;
				CLANG_CXX_LANGUAGE_STANDARD = "gnu++14";
				CLANG_CXX_LIBRARY = "libc++";
				CLANG_ENABLE_MODULES = YES;
				CLANG_ENABLE_OBJC_ARC = YES;
				CLANG_WARN_BLOCK_CAPTURE_AUTORELEASING = YES;
				CLANG_WARN_BOOL_CONVERSION = YES;
				CLANG_WARN_COMMA = YES;
				CLANG_WARN_CONSTANT_CONVERSION = YES;
				CLANG_WARN_DIRECT_OBJC_ISA_USAGE = YES_ERROR;
				CLANG_WARN_DOCUMENTATION_COMMENTS = YES;
				CLANG_WARN_EMPTY_BODY = YES;
				CLANG_WARN_ENUM_CONVERSION = YES;
				CLANG_WARN_INFINITE_RECURSION = YES;
				CLANG_WARN_INT_CONVERSION = YES;
				CLANG_WARN_NON_LITERAL_NULL_CONVERSION = YES;
				CLANG_WARN_OBJC_LITERAL_CONVERSION = YES;
				CLANG_WARN_OBJC_ROOT_CLASS = YES_ERROR;
				CLANG_WARN_RANGE_LOOP_ANALYSIS = YES;
				CLANG_WARN_STRICT_PROTOTYPES = YES;
				CLANG_WARN_SUSPICIOUS_MOVE = YES;
				CLANG_WARN_UNGUARDED_AVAILABILITY = YES_AGGRESSIVE;
				CLANG_WARN_UNREACHABLE_CODE = YES;
				CLANG_WARN__DUPLICATE_METHOD_MATCH = YES;
				CODE_SIGN_IDENTITY = "iPhone Developer";
				COPY_PHASE_STRIP = NO;
				DEBUG_INFORMATION_FORMAT = dwarf;
				ENABLE_STRICT_OBJC_MSGSEND = YES;
				ENABLE_TESTABILITY = YES;
				GCC_C_LANGUAGE_STANDARD = gnu11;
				GCC_DYNAMIC_NO_PIC = NO;
				GCC_NO_COMMON_BLOCKS = YES;
				GCC_OPTIMIZATION_LEVEL = 0;
				GCC_PREPROCESSOR_DEFINITIONS = (
					"DEBUG=1",
					"$(inherited)",
				);
				GCC_WARN_64_TO_32_BIT_CONVERSION = YES;
				GCC_WARN_ABOUT_RETURN_TYPE = YES_ERROR;
				GCC_WARN_UNDECLARED_SELECTOR = YES;
				GCC_WARN_UNINITIALIZED_AUTOS = YES_AGGRESSIVE;
				GCC_WARN_UNUSED_FUNCTION = YES;
				GCC_WARN_UNUSED_VARIABLE = YES;
				IPHONEOS_DEPLOYMENT_TARGET = 11.0;
				MTL_ENABLE_DEBUG_INFO = YES;
				ONLY_ACTIVE_ARCH = YES;
				SDKROOT = iphoneos;
				SWIFT_ACTIVE_COMPILATION_CONDITIONS = DEBUG;
				SWIFT_OPTIMIZATION_LEVEL = "-Onone";
			};
			name = Debug;
		};
		22D57D001EE86457006CC1DB /* Release */ = {
			isa = XCBuildConfiguration;
			buildSettings = {
				ALWAYS_SEARCH_USER_PATHS = NO;
				CLANG_ANALYZER_NONNULL = YES;
				CLANG_ANALYZER_NUMBER_OBJECT_CONVERSION = YES_AGGRESSIVE;
				CLANG_CXX_LANGUAGE_STANDARD = "gnu++14";
				CLANG_CXX_LIBRARY = "libc++";
				CLANG_ENABLE_MODULES = YES;
				CLANG_ENABLE_OBJC_ARC = YES;
				CLANG_WARN_BLOCK_CAPTURE_AUTORELEASING = YES;
				CLANG_WARN_BOOL_CONVERSION = YES;
				CLANG_WARN_COMMA = YES;
				CLANG_WARN_CONSTANT_CONVERSION = YES;
				CLANG_WARN_DIRECT_OBJC_ISA_USAGE = YES_ERROR;
				CLANG_WARN_DOCUMENTATION_COMMENTS = YES;
				CLANG_WARN_EMPTY_BODY = YES;
				CLANG_WARN_ENUM_CONVERSION = YES;
				CLANG_WARN_INFINITE_RECURSION = YES;
				CLANG_WARN_INT_CONVERSION = YES;
				CLANG_WARN_NON_LITERAL_NULL_CONVERSION = YES;
				CLANG_WARN_OBJC_LITERAL_CONVERSION = YES;
				CLANG_WARN_OBJC_ROOT_CLASS = YES_ERROR;
				CLANG_WARN_RANGE_LOOP_ANALYSIS = YES;
				CLANG_WARN_STRICT_PROTOTYPES = YES;
				CLANG_WARN_SUSPICIOUS_MOVE = YES;
				CLANG_WARN_UNGUARDED_AVAILABILITY = YES_AGGRESSIVE;
				CLANG_WARN_UNREACHABLE_CODE = YES;
				CLANG_WARN__DUPLICATE_METHOD_MATCH = YES;
				CODE_SIGN_IDENTITY = "iPhone Developer";
				COPY_PHASE_STRIP = NO;
				DEBUG_INFORMATION_FORMAT = "dwarf-with-dsym";
				ENABLE_NS_ASSERTIONS = NO;
				ENABLE_STRICT_OBJC_MSGSEND = YES;
				GCC_C_LANGUAGE_STANDARD = gnu11;
				GCC_NO_COMMON_BLOCKS = YES;
				GCC_WARN_64_TO_32_BIT_CONVERSION = YES;
				GCC_WARN_ABOUT_RETURN_TYPE = YES_ERROR;
				GCC_WARN_UNDECLARED_SELECTOR = YES;
				GCC_WARN_UNINITIALIZED_AUTOS = YES_AGGRESSIVE;
				GCC_WARN_UNUSED_FUNCTION = YES;
				GCC_WARN_UNUSED_VARIABLE = YES;
				IPHONEOS_DEPLOYMENT_TARGET = 11.0;
				MTL_ENABLE_DEBUG_INFO = NO;
				SDKROOT = iphoneos;
				SWIFT_OPTIMIZATION_LEVEL = "-Owholemodule";
				VALIDATE_PRODUCT = YES;
			};
			name = Release;
		};
		22D57D021EE86457006CC1DB /* Debug */ = {
			isa = XCBuildConfiguration;
			buildSettings = {
				ASSETCATALOG_COMPILER_APPICON_NAME = AppIcon;
				"CODE_SIGN_IDENTITY[sdk=iphoneos*]" = "iPhone Developer";
				CODE_SIGN_STYLE = Automatic;
				DEVELOPMENT_TEAM = 7DR7SL32UW;
				INFOPLIST_FILE = Physicum/Info.plist;
				LD_RUNPATH_SEARCH_PATHS = "$(inherited) @executable_path/Frameworks";
				PRODUCT_BUNDLE_IDENTIFIER = KiteX.Physicum;
				PRODUCT_NAME = "$(TARGET_NAME)";
				PROVISIONING_PROFILE_SPECIFIER = "";
				SWIFT_VERSION = 4.0;
				TARGETED_DEVICE_FAMILY = "1,2";
			};
			name = Debug;
		};
		22D57D031EE86457006CC1DB /* Release */ = {
			isa = XCBuildConfiguration;
			buildSettings = {
				ASSETCATALOG_COMPILER_APPICON_NAME = AppIcon;
				"CODE_SIGN_IDENTITY[sdk=iphoneos*]" = "iPhone Developer";
				CODE_SIGN_STYLE = Automatic;
				DEVELOPMENT_TEAM = 7DR7SL32UW;
				INFOPLIST_FILE = Physicum/Info.plist;
				LD_RUNPATH_SEARCH_PATHS = "$(inherited) @executable_path/Frameworks";
				PRODUCT_BUNDLE_IDENTIFIER = KiteX.Physicum;
				PRODUCT_NAME = "$(TARGET_NAME)";
				PROVISIONING_PROFILE_SPECIFIER = "";
				SWIFT_VERSION = 4.0;
				TARGETED_DEVICE_FAMILY = "1,2";
			};
			name = Release;
		};
/* End XCBuildConfiguration section */

/* Begin XCConfigurationList section */
		22D57CEA1EE86457006CC1DB /* Build configuration list for PBXProject "Physicum" */ = {
			isa = XCConfigurationList;
			buildConfigurations = (
				22D57CFF1EE86457006CC1DB /* Debug */,
				22D57D001EE86457006CC1DB /* Release */,
			);
			defaultConfigurationIsVisible = 0;
			defaultConfigurationName = Release;
		};
		22D57D011EE86457006CC1DB /* Build configuration list for PBXNativeTarget "Physicum" */ = {
			isa = XCConfigurationList;
			buildConfigurations = (
				22D57D021EE86457006CC1DB /* Debug */,
				22D57D031EE86457006CC1DB /* Release */,
			);
			defaultConfigurationIsVisible = 0;
			defaultConfigurationName = Release;
		};
/* End XCConfigurationList section */
	};
	rootObject = 22D57CE71EE86457006CC1DB /* Project object */;
}
